
Microsoft Visual Studio Solution File, Format Version 12.00
# Visual Studio Version 16
VisualStudioVersion = 16.0.30204.135
MinimumVisualStudioVersion = 10.0.40219.1
Project("{FAE04EC0-301F-11D3-BF4B-00C04F79EFBC}") = "AirMonitor.Android", "AirMonitor\AirMonitor.Android\AirMonitor.Android.csproj", "{FF808D96-C2CB-417A-977E-EDFACF52DFB0}"
EndProject
Project("{FAE04EC0-301F-11D3-BF4B-00C04F79EFBC}") = "AirMonitor.iOS", "AirMonitor\AirMonitor.iOS\AirMonitor.iOS.csproj", "{74D79FEE-1F51-4176-9915-8B46FEBDFA93}"
EndProject
Project("{FAE04EC0-301F-11D3-BF4B-00C04F79EFBC}") = "AirMonitor", "AirMonitor\AirMonitor\AirMonitor.csproj", "{7F01A83B-31E4-4D61-91F6-3C4407B73223}"
EndProject
Global
	GlobalSection(SolutionConfigurationPlatforms) = preSolution
		Debug|Any CPU = Debug|Any CPU
		Debug|iPhone = Debug|iPhone
		Debug|iPhoneSimulator = Debug|iPhoneSimulator
		Release|Any CPU = Release|Any CPU
		Release|iPhone = Release|iPhone
		Release|iPhoneSimulator = Release|iPhoneSimulator
	EndGlobalSection
	GlobalSection(ProjectConfigurationPlatforms) = postSolution
		{FF808D96-C2CB-417A-977E-EDFACF52DFB0}.Debug|Any CPU.ActiveCfg = Debug|Any CPU
		{FF808D96-C2CB-417A-977E-EDFACF52DFB0}.Debug|Any CPU.Build.0 = Debug|Any CPU
		{FF808D96-C2CB-417A-977E-EDFACF52DFB0}.Debug|Any CPU.Deploy.0 = Debug|Any CPU
		{FF808D96-C2CB-417A-977E-EDFACF52DFB0}.Debug|iPhone.ActiveCfg = Debug|Any CPU
		{FF808D96-C2CB-417A-977E-EDFACF52DFB0}.Debug|iPhone.Build.0 = Debug|Any CPU
		{FF808D96-C2CB-417A-977E-EDFACF52DFB0}.Debug|iPhone.Deploy.0 = Debug|Any CPU
		{FF808D96-C2CB-417A-977E-EDFACF52DFB0}.Debug|iPhoneSimulator.ActiveCfg = Debug|Any CPU
		{FF808D96-C2CB-417A-977E-EDFACF52DFB0}.Debug|iPhoneSimulator.Build.0 = Debug|Any CPU
		{FF808D96-C2CB-417A-977E-EDFACF52DFB0}.Debug|iPhoneSimulator.Deploy.0 = Debug|Any CPU
		{FF808D96-C2CB-417A-977E-EDFACF52DFB0}.Release|Any CPU.ActiveCfg = Release|Any CPU
		{FF808D96-C2CB-417A-977E-EDFACF52DFB0}.Release|Any CPU.Build.0 = Release|Any CPU
		{FF808D96-C2CB-417A-977E-EDFACF52DFB0}.Release|Any CPU.Deploy.0 = Release|Any CPU
		{FF808D96-C2CB-417A-977E-EDFACF52DFB0}.Release|iPhone.ActiveCfg = Release|Any CPU
		{FF808D96-C2CB-417A-977E-EDFACF52DFB0}.Release|iPhone.Build.0 = Release|Any CPU
		{FF808D96-C2CB-417A-977E-EDFACF52DFB0}.Release|iPhone.Deploy.0 = Release|Any CPU
		{FF808D96-C2CB-417A-977E-EDFACF52DFB0}.Release|iPhoneSimulator.ActiveCfg = Release|Any CPU
		{FF808D96-C2CB-417A-977E-EDFACF52DFB0}.Release|iPhoneSimulator.Build.0 = Release|Any CPU
		{FF808D96-C2CB-417A-977E-EDFACF52DFB0}.Release|iPhoneSimulator.Deploy.0 = Release|Any CPU
		{74D79FEE-1F51-4176-9915-8B46FEBDFA93}.Debug|Any CPU.ActiveCfg = Debug|iPhone
		{74D79FEE-1F51-4176-9915-8B46FEBDFA93}.Debug|Any CPU.Build.0 = Debug|iPhone
		{74D79FEE-1F51-4176-9915-8B46FEBDFA93}.Debug|Any CPU.Deploy.0 = Debug|iPhone
		{74D79FEE-1F51-4176-9915-8B46FEBDFA93}.Debug|iPhone.ActiveCfg = Debug|iPhone
		{74D79FEE-1F51-4176-9915-8B46FEBDFA93}.Debug|iPhone.Build.0 = Debug|iPhone
		{74D79FEE-1F51-4176-9915-8B46FEBDFA93}.Debug|iPhone.Deploy.0 = Debug|iPhone
		{74D79FEE-1F51-4176-9915-8B46FEBDFA93}.Debug|iPhoneSimulator.ActiveCfg = Debug|iPhoneSimulator
		{74D79FEE-1F51-4176-9915-8B46FEBDFA93}.Debug|iPhoneSimulator.Build.0 = Debug|iPhoneSimulator
		{74D79FEE-1F51-4176-9915-8B46FEBDFA93}.Debug|iPhoneSimulator.Deploy.0 = Debug|iPhoneSimulator
		{74D79FEE-1F51-4176-9915-8B46FEBDFA93}.Release|Any CPU.ActiveCfg = Release|iPhone
		{74D79FEE-1F51-4176-9915-8B46FEBDFA93}.Release|Any CPU.Build.0 = Release|iPhone
		{74D79FEE-1F51-4176-9915-8B46FEBDFA93}.Release|Any CPU.Deploy.0 = Release|iPhone
		{74D79FEE-1F51-4176-9915-8B46FEBDFA93}.Release|iPhone.ActiveCfg = Release|iPhone
		{74D79FEE-1F51-4176-9915-8B46FEBDFA93}.Release|iPhone.Build.0 = Release|iPhone
		{74D79FEE-1F51-4176-9915-8B46FEBDFA93}.Release|iPhone.Deploy.0 = Release|iPhone
		{74D79FEE-1F51-4176-9915-8B46FEBDFA93}.Release|iPhoneSimulator.ActiveCfg = Release|iPhoneSimulator
		{74D79FEE-1F51-4176-9915-8B46FEBDFA93}.Release|iPhoneSimulator.Build.0 = Release|iPhoneSimulator
		{74D79FEE-1F51-4176-9915-8B46FEBDFA93}.Release|iPhoneSimulator.Deploy.0 = Release|iPhoneSimulator
		{7F01A83B-31E4-4D61-91F6-3C4407B73223}.Debug|Any CPU.ActiveCfg = Debug|Any CPU
		{7F01A83B-31E4-4D61-91F6-3C4407B73223}.Debug|Any CPU.Build.0 = Debug|Any CPU
		{7F01A83B-31E4-4D61-91F6-3C4407B73223}.Debug|Any CPU.Deploy.0 = Debug|Any CPU
		{7F01A83B-31E4-4D61-91F6-3C4407B73223}.Debug|iPhone.ActiveCfg = Debug|Any CPU
		{7F01A83B-31E4-4D61-91F6-3C4407B73223}.Debug|iPhone.Build.0 = Debug|Any CPU
		{7F01A83B-31E4-4D61-91F6-3C4407B73223}.Debug|iPhone.Deploy.0 = Debug|Any CPU
		{7F01A83B-31E4-4D61-91F6-3C4407B73223}.Debug|iPhoneSimulator.ActiveCfg = Debug|Any CPU
		{7F01A83B-31E4-4D61-91F6-3C4407B73223}.Debug|iPhoneSimulator.Build.0 = Debug|Any CPU
		{7F01A83B-31E4-4D61-91F6-3C4407B73223}.Debug|iPhoneSimulator.Deploy.0 = Debug|Any CPU
		{7F01A83B-31E4-4D61-91F6-3C4407B73223}.Release|Any CPU.ActiveCfg = Release|Any CPU
		{7F01A83B-31E4-4D61-91F6-3C4407B73223}.Release|Any CPU.Build.0 = Release|Any CPU
		{7F01A83B-31E4-4D61-91F6-3C4407B73223}.Release|Any CPU.Deploy.0 = Release|Any CPU
		{7F01A83B-31E4-4D61-91F6-3C4407B73223}.Release|iPhone.ActiveCfg = Release|Any CPU
		{7F01A83B-31E4-4D61-91F6-3C4407B73223}.Release|iPhone.Build.0 = Release|Any CPU
		{7F01A83B-31E4-4D61-91F6-3C4407B73223}.Release|iPhone.Deploy.0 = Release|Any CPU
		{7F01A83B-31E4-4D61-91F6-3C4407B73223}.Release|iPhoneSimulator.ActiveCfg = Release|Any CPU
		{7F01A83B-31E4-4D61-91F6-3C4407B73223}.Release|iPhoneSimulator.Build.0 = Release|Any CPU
		{7F01A83B-31E4-4D61-91F6-3C4407B73223}.Release|iPhoneSimulator.Deploy.0 = Release|Any CPU
	EndGlobalSection
	GlobalSection(SolutionProperties) = preSolution
		HideSolutionNode = FALSE
	EndGlobalSection
	GlobalSection(ExtensibilityGlobals) = postSolution
		SolutionGuid = {627DF293-1D23-4281-8E1C-F255E036926B}
	EndGlobalSection
EndGlobal
